
Microsoft Visual Studio Solution File, Format Version 12.00
# Visual Studio Version 16
VisualStudioVersion = 16.0.30717.126
MinimumVisualStudioVersion = 10.0.40219.1
Project("{9A19103F-16F7-4668-BE54-9A1E7A4F7556}") = "PbxHub.Admin.Server", "PbxHub.Admin.Server\PbxHub.Admin.Server.csproj", "{8816819B-96A3-4697-8C72-B563AF8ECD9B}"
EndProject
Project("{9A19103F-16F7-4668-BE54-9A1E7A4F7556}") = "PbxHub.Admin.App", "PbxHub.Admin.App\PbxHub.Admin.App.csproj", "{CC1ACFD2-9012-4D46-96D9-95B6CACC4113}"
EndProject
Project("{9A19103F-16F7-4668-BE54-9A1E7A4F7556}") = "PbxHub.Common", "PbxHub.Common\PbxHub.Common.csproj", "{83F15B8D-5D0C-4AC3-BEC8-E9946D7E87CD}"
EndProject
Project("{9A19103F-16F7-4668-BE54-9A1E7A4F7556}") = "PbxHub.Admin.Components", "PbxHub.Admin.Components\PbxHub.Admin.Components.csproj", "{F554D0E3-5E24-4530-BE09-09C1321068FE}"
EndProject
Global
	GlobalSection(SolutionConfigurationPlatforms) = preSolution
		Debug|Any CPU = Debug|Any CPU
		Release|Any CPU = Release|Any CPU
	EndGlobalSection
	GlobalSection(ProjectConfigurationPlatforms) = postSolution
		{8816819B-96A3-4697-8C72-B563AF8ECD9B}.Debug|Any CPU.ActiveCfg = Debug|Any CPU
		{8816819B-96A3-4697-8C72-B563AF8ECD9B}.Debug|Any CPU.Build.0 = Debug|Any CPU
		{8816819B-96A3-4697-8C72-B563AF8ECD9B}.Release|Any CPU.ActiveCfg = Release|Any CPU
		{8816819B-96A3-4697-8C72-B563AF8ECD9B}.Release|Any CPU.Build.0 = Release|Any CPU
		{CC1ACFD2-9012-4D46-96D9-95B6CACC4113}.Debug|Any CPU.ActiveCfg = Debug|Any CPU
		{CC1ACFD2-9012-4D46-96D9-95B6CACC4113}.Debug|Any CPU.Build.0 = Debug|Any CPU
		{CC1ACFD2-9012-4D46-96D9-95B6CACC4113}.Release|Any CPU.ActiveCfg = Release|Any CPU
		{CC1ACFD2-9012-4D46-96D9-95B6CACC4113}.Release|Any CPU.Build.0 = Release|Any CPU
		{83F15B8D-5D0C-4AC3-BEC8-E9946D7E87CD}.Debug|Any CPU.ActiveCfg = Debug|Any CPU
		{83F15B8D-5D0C-4AC3-BEC8-E9946D7E87CD}.Debug|Any CPU.Build.0 = Debug|Any CPU
		{83F15B8D-5D0C-4AC3-BEC8-E9946D7E87CD}.Release|Any CPU.ActiveCfg = Release|Any CPU
		{83F15B8D-5D0C-4AC3-BEC8-E9946D7E87CD}.Release|Any CPU.Build.0 = Release|Any CPU
		{F554D0E3-5E24-4530-BE09-09C1321068FE}.Debug|Any CPU.ActiveCfg = Debug|Any CPU
		{F554D0E3-5E24-4530-BE09-09C1321068FE}.Debug|Any CPU.Build.0 = Debug|Any CPU
		{F554D0E3-5E24-4530-BE09-09C1321068FE}.Release|Any CPU.ActiveCfg = Release|Any CPU
		{F554D0E3-5E24-4530-BE09-09C1321068FE}.Release|Any CPU.Build.0 = Release|Any CPU
	EndGlobalSection
	GlobalSection(SolutionProperties) = preSolution
		HideSolutionNode = FALSE
	EndGlobalSection
	GlobalSection(ExtensibilityGlobals) = postSolution
		SolutionGuid = {B7C5D0D1-F5CD-49A4-8A18-A704C3D9C36C}
	EndGlobalSection
EndGlobal
